
Microsoft Visual Studio Solution File, Format Version 11.00
# Visual Studio 2010
Project("{E24C65DC-7377-472B-9ABA-BC803B73C61A}") = "TimeSlice", "TimeSlice\", "{092545A9-52EE-4694-B47A-C6024D294CB0}"
	ProjectSection(WebsiteProperties) = preProject
		TargetFrameworkMoniker = ".NETFramework,Version%3Dv4.0"
		Debug.AspNetCompiler.VirtualPath = "/TimeSlice"
		Debug.AspNetCompiler.PhysicalPath = "P:\TimeSlicejs\trunk\TimeSlice\"
		Debug.AspNetCompiler.TargetPath = "PrecompiledWeb\TimeSlice\"
		Debug.AspNetCompiler.Updateable = "true"
		Debug.AspNetCompiler.ForceOverwrite = "true"
		Debug.AspNetCompiler.FixedNames = "false"
		Debug.AspNetCompiler.Debug = "True"
		Release.AspNetCompiler.VirtualPath = "/TimeSlice"
		Release.AspNetCompiler.PhysicalPath = "P:\TimeSlicejs\trunk\TimeSlice\"
		Release.AspNetCompiler.TargetPath = "PrecompiledWeb\TimeSlice\"
		Release.AspNetCompiler.Updateable = "true"
		Release.AspNetCompiler.ForceOverwrite = "true"
		Release.AspNetCompiler.FixedNames = "false"
		Release.AspNetCompiler.Debug = "False"
		VWDPort = "58998"
	EndProjectSection
EndProject
Global
	GlobalSection(SolutionConfigurationPlatforms) = preSolution
		Debug|Any CPU = Debug|Any CPU
	EndGlobalSection
	GlobalSection(ProjectConfigurationPlatforms) = postSolution
		{092545A9-52EE-4694-B47A-C6024D294CB0}.Debug|Any CPU.ActiveCfg = Debug|Any CPU
		{092545A9-52EE-4694-B47A-C6024D294CB0}.Debug|Any CPU.Build.0 = Debug|Any CPU
	EndGlobalSection
	GlobalSection(SolutionProperties) = preSolution
		HideSolutionNode = FALSE
	EndGlobalSection
EndGlobal
